
Microsoft Visual Studio Solution File, Format Version 12.00
# Visual Studio 15
VisualStudioVersion = 15.0.28307.1082
MinimumVisualStudioVersion = 10.0.40219.1
Project("{FAE04EC0-301F-11D3-BF4B-00C04F79EFBC}") = "Pr11_12_WF", "Pr11_12_WF\Pr11_12_WF.csproj", "{B5508B1B-0EFF-4C45-A6FA-35CCFC31B366}"
EndProject
Global
	GlobalSection(SolutionConfigurationPlatforms) = preSolution
		Debug|Any CPU = Debug|Any CPU
		Release|Any CPU = Release|Any CPU
	EndGlobalSection
	GlobalSection(ProjectConfigurationPlatforms) = postSolution
		{B5508B1B-0EFF-4C45-A6FA-35CCFC31B366}.Debug|Any CPU.ActiveCfg = Debug|Any CPU
		{B5508B1B-0EFF-4C45-A6FA-35CCFC31B366}.Debug|Any CPU.Build.0 = Debug|Any CPU
		{B5508B1B-0EFF-4C45-A6FA-35CCFC31B366}.Release|Any CPU.ActiveCfg = Release|Any CPU
		{B5508B1B-0EFF-4C45-A6FA-35CCFC31B366}.Release|Any CPU.Build.0 = Release|Any CPU
	EndGlobalSection
	GlobalSection(SolutionProperties) = preSolution
		HideSolutionNode = FALSE
	EndGlobalSection
	GlobalSection(ExtensibilityGlobals) = postSolution
		SolutionGuid = {54E4A13F-CA1A-4BD2-A045-13C5E2C2E676}
	EndGlobalSection
EndGlobal
